
Microsoft Visual Studio Solution File, Format Version 12.00
# Visual Studio 15
VisualStudioVersion = 15.0.28307.329
MinimumVisualStudioVersion = 10.0.40219.1
Project("{A07B5EB6-E848-4116-A8D0-A826331D98C6}") = "DeviceTwins.Fabric", "DeviceTwins.Fabric\DeviceTwins.Fabric.sfproj", "{C10853E1-F3DC-4C29-BC15-CB27A532FF08}"
EndProject
Project("{9A19103F-16F7-4668-BE54-9A1E7A4F7556}") = "DeviceTwins.Fabric.DeviceRegistry", "DeviceTwins.Fabric.DeviceRegistry\DeviceTwins.Fabric.DeviceRegistry.csproj", "{F5D5CD05-A751-43F4-9491-685C814250E0}"
EndProject
Project("{9A19103F-16F7-4668-BE54-9A1E7A4F7556}") = "DeviceTwins.Fabric.DeviceRegistry.Interfaces", "DeviceTwins.Fabric.DeviceRegistry.Interfaces\DeviceTwins.Fabric.DeviceRegistry.Interfaces.csproj", "{A482EDE8-F978-408A-97DC-DDE48C32B1B4}"
EndProject
Project("{9A19103F-16F7-4668-BE54-9A1E7A4F7556}") = "DeviceTwins.Fabric.DeviceRegistry.Api", "DeviceTwins.Fabric.DeviceRegistry.Api\DeviceTwins.Fabric.DeviceRegistry.Api.csproj", "{5103A3D2-8F18-4744-894A-8B931999AA5A}"
EndProject
Project("{FAE04EC0-301F-11D3-BF4B-00C04F79EFBC}") = "DeviceTwins.Fabric.DeviceActor", "DeviceTwins.Fabric.DeviceActor\DeviceTwins.Fabric.DeviceActor.csproj", "{3ED5F313-1FDA-48DB-A767-530442B28928}"
EndProject
Project("{FAE04EC0-301F-11D3-BF4B-00C04F79EFBC}") = "DeviceTwins.Fabric.DeviceActor.Interfaces", "DeviceTwins.Fabric.DeviceActor.Interfaces\DeviceTwins.Fabric.DeviceActor.Interfaces.csproj", "{394CAD13-CCE6-4F30-A6F5-863CECA8FD7A}"
EndProject
Project("{FAE04EC0-301F-11D3-BF4B-00C04F79EFBC}") = "DeviceTwins.Fabric.Dashboard.Web", "DeviceTwins.Fabric.Dashboard.Web\DeviceTwins.Fabric.Dashboard.Web.csproj", "{5EC8F8B6-0C3D-4A86-96D7-FD329123B081}"
EndProject
Global
	GlobalSection(SolutionConfigurationPlatforms) = preSolution
		Debug|Any CPU = Debug|Any CPU
		Debug|x64 = Debug|x64
		Release|Any CPU = Release|Any CPU
		Release|x64 = Release|x64
	EndGlobalSection
	GlobalSection(ProjectConfigurationPlatforms) = postSolution
		{C10853E1-F3DC-4C29-BC15-CB27A532FF08}.Debug|Any CPU.ActiveCfg = Debug|x64
		{C10853E1-F3DC-4C29-BC15-CB27A532FF08}.Debug|x64.ActiveCfg = Debug|x64
		{C10853E1-F3DC-4C29-BC15-CB27A532FF08}.Debug|x64.Build.0 = Debug|x64
		{C10853E1-F3DC-4C29-BC15-CB27A532FF08}.Debug|x64.Deploy.0 = Debug|x64
		{C10853E1-F3DC-4C29-BC15-CB27A532FF08}.Release|Any CPU.ActiveCfg = Release|x64
		{C10853E1-F3DC-4C29-BC15-CB27A532FF08}.Release|x64.ActiveCfg = Release|x64
		{C10853E1-F3DC-4C29-BC15-CB27A532FF08}.Release|x64.Build.0 = Release|x64
		{C10853E1-F3DC-4C29-BC15-CB27A532FF08}.Release|x64.Deploy.0 = Release|x64
		{F5D5CD05-A751-43F4-9491-685C814250E0}.Debug|Any CPU.ActiveCfg = Debug|Any CPU
		{F5D5CD05-A751-43F4-9491-685C814250E0}.Debug|Any CPU.Build.0 = Debug|Any CPU
		{F5D5CD05-A751-43F4-9491-685C814250E0}.Debug|x64.ActiveCfg = Debug|x64
		{F5D5CD05-A751-43F4-9491-685C814250E0}.Debug|x64.Build.0 = Debug|x64
		{F5D5CD05-A751-43F4-9491-685C814250E0}.Release|Any CPU.ActiveCfg = Release|Any CPU
		{F5D5CD05-A751-43F4-9491-685C814250E0}.Release|Any CPU.Build.0 = Release|Any CPU
		{F5D5CD05-A751-43F4-9491-685C814250E0}.Release|x64.ActiveCfg = Release|Any CPU
		{F5D5CD05-A751-43F4-9491-685C814250E0}.Release|x64.Build.0 = Release|Any CPU
		{A482EDE8-F978-408A-97DC-DDE48C32B1B4}.Debug|Any CPU.ActiveCfg = Debug|Any CPU
		{A482EDE8-F978-408A-97DC-DDE48C32B1B4}.Debug|Any CPU.Build.0 = Debug|Any CPU
		{A482EDE8-F978-408A-97DC-DDE48C32B1B4}.Debug|x64.ActiveCfg = Debug|x64
		{A482EDE8-F978-408A-97DC-DDE48C32B1B4}.Debug|x64.Build.0 = Debug|x64
		{A482EDE8-F978-408A-97DC-DDE48C32B1B4}.Release|Any CPU.ActiveCfg = Release|Any CPU
		{A482EDE8-F978-408A-97DC-DDE48C32B1B4}.Release|Any CPU.Build.0 = Release|Any CPU
		{A482EDE8-F978-408A-97DC-DDE48C32B1B4}.Release|x64.ActiveCfg = Release|Any CPU
		{A482EDE8-F978-408A-97DC-DDE48C32B1B4}.Release|x64.Build.0 = Release|Any CPU
		{5103A3D2-8F18-4744-894A-8B931999AA5A}.Debug|Any CPU.ActiveCfg = Debug|Any CPU
		{5103A3D2-8F18-4744-894A-8B931999AA5A}.Debug|Any CPU.Build.0 = Debug|Any CPU
		{5103A3D2-8F18-4744-894A-8B931999AA5A}.Debug|x64.ActiveCfg = Debug|Any CPU
		{5103A3D2-8F18-4744-894A-8B931999AA5A}.Debug|x64.Build.0 = Debug|Any CPU
		{5103A3D2-8F18-4744-894A-8B931999AA5A}.Release|Any CPU.ActiveCfg = Release|Any CPU
		{5103A3D2-8F18-4744-894A-8B931999AA5A}.Release|Any CPU.Build.0 = Release|Any CPU
		{5103A3D2-8F18-4744-894A-8B931999AA5A}.Release|x64.ActiveCfg = Release|Any CPU
		{5103A3D2-8F18-4744-894A-8B931999AA5A}.Release|x64.Build.0 = Release|Any CPU
		{3ED5F313-1FDA-48DB-A767-530442B28928}.Debug|Any CPU.ActiveCfg = Debug|Any CPU
		{3ED5F313-1FDA-48DB-A767-530442B28928}.Debug|Any CPU.Build.0 = Debug|Any CPU
		{3ED5F313-1FDA-48DB-A767-530442B28928}.Debug|x64.ActiveCfg = Debug|Any CPU
		{3ED5F313-1FDA-48DB-A767-530442B28928}.Debug|x64.Build.0 = Debug|Any CPU
		{3ED5F313-1FDA-48DB-A767-530442B28928}.Release|Any CPU.ActiveCfg = Release|Any CPU
		{3ED5F313-1FDA-48DB-A767-530442B28928}.Release|Any CPU.Build.0 = Release|Any CPU
		{3ED5F313-1FDA-48DB-A767-530442B28928}.Release|x64.ActiveCfg = Release|Any CPU
		{3ED5F313-1FDA-48DB-A767-530442B28928}.Release|x64.Build.0 = Release|Any CPU
		{394CAD13-CCE6-4F30-A6F5-863CECA8FD7A}.Debug|Any CPU.ActiveCfg = Debug|Any CPU
		{394CAD13-CCE6-4F30-A6F5-863CECA8FD7A}.Debug|Any CPU.Build.0 = Debug|Any CPU
		{394CAD13-CCE6-4F30-A6F5-863CECA8FD7A}.Debug|x64.ActiveCfg = Debug|Any CPU
		{394CAD13-CCE6-4F30-A6F5-863CECA8FD7A}.Debug|x64.Build.0 = Debug|Any CPU
		{394CAD13-CCE6-4F30-A6F5-863CECA8FD7A}.Release|Any CPU.ActiveCfg = Release|Any CPU
		{394CAD13-CCE6-4F30-A6F5-863CECA8FD7A}.Release|Any CPU.Build.0 = Release|Any CPU
		{394CAD13-CCE6-4F30-A6F5-863CECA8FD7A}.Release|x64.ActiveCfg = Release|Any CPU
		{394CAD13-CCE6-4F30-A6F5-863CECA8FD7A}.Release|x64.Build.0 = Release|Any CPU
		{5EC8F8B6-0C3D-4A86-96D7-FD329123B081}.Debug|Any CPU.ActiveCfg = Debug|Any CPU
		{5EC8F8B6-0C3D-4A86-96D7-FD329123B081}.Debug|Any CPU.Build.0 = Debug|Any CPU
		{5EC8F8B6-0C3D-4A86-96D7-FD329123B081}.Debug|x64.ActiveCfg = Debug|Any CPU
		{5EC8F8B6-0C3D-4A86-96D7-FD329123B081}.Debug|x64.Build.0 = Debug|Any CPU
		{5EC8F8B6-0C3D-4A86-96D7-FD329123B081}.Release|Any CPU.ActiveCfg = Release|Any CPU
		{5EC8F8B6-0C3D-4A86-96D7-FD329123B081}.Release|Any CPU.Build.0 = Release|Any CPU
		{5EC8F8B6-0C3D-4A86-96D7-FD329123B081}.Release|x64.ActiveCfg = Release|Any CPU
		{5EC8F8B6-0C3D-4A86-96D7-FD329123B081}.Release|x64.Build.0 = Release|Any CPU
	EndGlobalSection
	GlobalSection(SolutionProperties) = preSolution
		HideSolutionNode = FALSE
	EndGlobalSection
	GlobalSection(ExtensibilityGlobals) = postSolution
		SolutionGuid = {66596710-640B-4DF7-9512-3739850DFB00}
	EndGlobalSection
EndGlobal
